
Microsoft Visual Studio Solution File, Format Version 10.00
# Visual Studio 2008
Project("{FAE04EC0-301F-11D3-BF4B-00C04F79EFBC}") = "RestfulMVC.Core", "RESTfulMVC.Core\RestfulMVC.Core.csproj", "{628A5D5A-94EA-4196-8166-05E51B2B520F}"
EndProject
Project("{FAE04EC0-301F-11D3-BF4B-00C04F79EFBC}") = "RestfulMVC.Test", "RESTfulMVC.Test\RestfulMVC.Test.csproj", "{FBC818EE-8366-4829-873A-1DFF8EE73B7B}"
EndProject
Global
	GlobalSection(SolutionConfigurationPlatforms) = preSolution
		Debug|Any CPU = Debug|Any CPU
		Release|Any CPU = Release|Any CPU
	EndGlobalSection
	GlobalSection(ProjectConfigurationPlatforms) = postSolution
		{628A5D5A-94EA-4196-8166-05E51B2B520F}.Debug|Any CPU.ActiveCfg = Debug|Any CPU
		{628A5D5A-94EA-4196-8166-05E51B2B520F}.Debug|Any CPU.Build.0 = Debug|Any CPU
		{628A5D5A-94EA-4196-8166-05E51B2B520F}.Release|Any CPU.ActiveCfg = Release|Any CPU
		{628A5D5A-94EA-4196-8166-05E51B2B520F}.Release|Any CPU.Build.0 = Release|Any CPU
		{FBC818EE-8366-4829-873A-1DFF8EE73B7B}.Debug|Any CPU.ActiveCfg = Debug|Any CPU
		{FBC818EE-8366-4829-873A-1DFF8EE73B7B}.Debug|Any CPU.Build.0 = Debug|Any CPU
		{FBC818EE-8366-4829-873A-1DFF8EE73B7B}.Release|Any CPU.ActiveCfg = Release|Any CPU
		{FBC818EE-8366-4829-873A-1DFF8EE73B7B}.Release|Any CPU.Build.0 = Release|Any CPU
	EndGlobalSection
	GlobalSection(SolutionProperties) = preSolution
		HideSolutionNode = FALSE
	EndGlobalSection
EndGlobal
